
Microsoft Visual Studio Solution File, Format Version 12.00
# Visual Studio 15
VisualStudioVersion = 15.0.27428.2037
MinimumVisualStudioVersion = 10.0.40219.1
Project("{FAE04EC0-301F-11D3-BF4B-00C04F79EFBC}") = "TouristAgencyModel", "TouristAgencyModel\TouristAgencyModel.csproj", "{0FAC827E-54AA-494C-83A5-ABA1B07D4581}"
EndProject
Project("{FAE04EC0-301F-11D3-BF4B-00C04F79EFBC}") = "TouristAgencyService", "TouristAgencyService\TouristAgencyService.csproj", "{2904312E-622B-4983-B747-51A1B5DDB17E}"
EndProject
Project("{FAE04EC0-301F-11D3-BF4B-00C04F79EFBC}") = "TouristAgencyViewAdmin", "TouristAgencyViewAdmin\TouristAgencyViewAdmin.csproj", "{7051AAFC-BD59-4C55-A5D6-B6E96B8E6961}"
EndProject
Project("{FAE04EC0-301F-11D3-BF4B-00C04F79EFBC}") = "TouristAgencyViewClient", "TouristAgencyViewClient\TouristAgencyViewClient.csproj", "{B2F712C2-FF1C-4DF7-A066-0218FD38F3E8}"
EndProject
Global
	GlobalSection(SolutionConfigurationPlatforms) = preSolution
		Debug|Any CPU = Debug|Any CPU
		Release|Any CPU = Release|Any CPU
	EndGlobalSection
	GlobalSection(ProjectConfigurationPlatforms) = postSolution
		{0FAC827E-54AA-494C-83A5-ABA1B07D4581}.Debug|Any CPU.ActiveCfg = Debug|Any CPU
		{0FAC827E-54AA-494C-83A5-ABA1B07D4581}.Debug|Any CPU.Build.0 = Debug|Any CPU
		{0FAC827E-54AA-494C-83A5-ABA1B07D4581}.Release|Any CPU.ActiveCfg = Release|Any CPU
		{0FAC827E-54AA-494C-83A5-ABA1B07D4581}.Release|Any CPU.Build.0 = Release|Any CPU
		{2904312E-622B-4983-B747-51A1B5DDB17E}.Debug|Any CPU.ActiveCfg = Debug|Any CPU
		{2904312E-622B-4983-B747-51A1B5DDB17E}.Debug|Any CPU.Build.0 = Debug|Any CPU
		{2904312E-622B-4983-B747-51A1B5DDB17E}.Release|Any CPU.ActiveCfg = Release|Any CPU
		{2904312E-622B-4983-B747-51A1B5DDB17E}.Release|Any CPU.Build.0 = Release|Any CPU
		{7051AAFC-BD59-4C55-A5D6-B6E96B8E6961}.Debug|Any CPU.ActiveCfg = Debug|Any CPU
		{7051AAFC-BD59-4C55-A5D6-B6E96B8E6961}.Debug|Any CPU.Build.0 = Debug|Any CPU
		{7051AAFC-BD59-4C55-A5D6-B6E96B8E6961}.Release|Any CPU.ActiveCfg = Release|Any CPU
		{7051AAFC-BD59-4C55-A5D6-B6E96B8E6961}.Release|Any CPU.Build.0 = Release|Any CPU
		{B2F712C2-FF1C-4DF7-A066-0218FD38F3E8}.Debug|Any CPU.ActiveCfg = Debug|Any CPU
		{B2F712C2-FF1C-4DF7-A066-0218FD38F3E8}.Debug|Any CPU.Build.0 = Debug|Any CPU
		{B2F712C2-FF1C-4DF7-A066-0218FD38F3E8}.Release|Any CPU.ActiveCfg = Release|Any CPU
		{B2F712C2-FF1C-4DF7-A066-0218FD38F3E8}.Release|Any CPU.Build.0 = Release|Any CPU
	EndGlobalSection
	GlobalSection(SolutionProperties) = preSolution
		HideSolutionNode = FALSE
	EndGlobalSection
	GlobalSection(ExtensibilityGlobals) = postSolution
		SolutionGuid = {C2B63658-4DD3-425F-B167-1282F855C2FC}
	EndGlobalSection
EndGlobal
